<?xml version="1.0" encoding="utf-8"?>
<Project ToolsVersion="4.0" xmlns="http://schemas.microsoft.com/developer/msbuild/2003">
  <ItemGroup>
    <Filter Include="Assets">
      <UniqueIdentifier>{D6862189-D1B2-497B-85A5-80A821F22299}</UniqueIdentifier>
    </Filter>
    <Filter Include="Assets\Texture">
      <UniqueIdentifier>{71A0F94D-3D38-47F5-9719-D794E1A5E3B8}</UniqueIdentifier>
    </Filter>
    <Filter Include="Engine">
      <UniqueIdentifier>{1B7FFBF6-2AFF-4C4A-A3FA-F322F78ED91C}</UniqueIdentifier>
    </Filter>
    <Filter Include="Engine\Source">
      <UniqueIdentifier>{A80677CF-E767-4784-8B3C-9B5C36D673D1}</UniqueIdentifier>
    </Filter>
    <Filter Include="Engine\Source\Editor">
      <UniqueIdentifier>{52DFCCAA-5491-4DA0-B632-6C51BF1C54E8}</UniqueIdentifier>
    </Filter>
    <Filter Include="Engine\Source\Editor\PropertyEditor">
      <UniqueIdentifier>{55B5B90F-076B-4C63-9E16-3CCDE53A47DB}</UniqueIdentifier>
    </Filter>
    <Filter Include="Engine\Source\Editor\UnrealEd">
      <UniqueIdentifier>{0E1F4373-D17B-43BA-A5F5-C78B93D55C91}</UniqueIdentifier>
    </Filter>
    <Filter Include="Engine\Source\Runtime">
      <UniqueIdentifier>{78911243-16C8-41D3-9D44-53811C0E0FC5}</UniqueIdentifier>
    </Filter>
    <Filter Include="Engine\Source\Runtime\Core">
      <UniqueIdentifier>{236BF88D-5A44-4516-ADB1-3939F38CA6AC}</UniqueIdentifier>
    </Filter>
    <Filter Include="Engine\Source\Runtime\Core\Math">
      <UniqueIdentifier>{7D49B553-082C-419A-A9A5-93CB309F9AD9}</UniqueIdentifier>
    </Filter>
    <Filter Include="Engine\Source\Runtime\CoreUObject">
      <UniqueIdentifier>{520A3286-24FD-48D1-9EDA-BA4CA64F572E}</UniqueIdentifier>
    </Filter>
    <Filter Include="Engine\Source\Runtime\CoreUObject\UObject">
      <UniqueIdentifier>{C6EDA9B8-8266-4164-A4D7-6C199F28B1A0}</UniqueIdentifier>
    </Filter>
    <Filter Include="Engine\Source\Runtime\Engine">
      <UniqueIdentifier>{586E827E-613D-41CA-A0FB-B82A478D5084}</UniqueIdentifier>
    </Filter>
    <Filter Include="Engine\Source\Runtime\Engine\Camera">
      <UniqueIdentifier>{675F3A8A-C0C5-41E5-9E9E-5C0BCA74D387}</UniqueIdentifier>
    </Filter>
    <Filter Include="Engine\Source\Runtime\Engine\Classes">
      <UniqueIdentifier>{D73CA662-CB80-40BE-BF0F-4553B96C5649}</UniqueIdentifier>
    </Filter>
    <Filter Include="Engine\Source\Runtime\Engine\Classes\Components">
      <UniqueIdentifier>{201902C8-7FEC-4177-972A-84EC81033BA2}</UniqueIdentifier>
    </Filter>
    <Filter Include="Engine\Source\Runtime\Engine\UserInterface">
      <UniqueIdentifier>{F67C2BFA-65AB-4031-8222-0180B8AFEA07}</UniqueIdentifier>
    </Filter>
    <Filter Include="Engine\Source\Runtime\InteractiveToolsFramework">
      <UniqueIdentifier>{42DCA7AA-5AE7-4592-A6DD-FA8E3638BCDB}</UniqueIdentifier>
    </Filter>
    <Filter Include="Engine\Source\Runtime\InteractiveToolsFramework\BaseGizmos">
      <UniqueIdentifier>{313615CA-E82B-44F9-9D26-90374FC5A676}</UniqueIdentifier>
    </Filter>
    <Filter Include="Engine\Source\Runtime\Launch">
      <UniqueIdentifier>{C59E7C54-6007-40C6-855A-A74655B040B3}</UniqueIdentifier>
    </Filter>
    <Filter Include="Engine\Source\Runtime\Renderer">
      <UniqueIdentifier>{AB8D8EF0-3ADA-427D-8FA5-F8556BE2213A}</UniqueIdentifier>
    </Filter>
    <Filter Include="Engine\Source\Runtime\Windows">
      <UniqueIdentifier>{0178D0D7-038D-4707-8D58-7ADFC1BFB528}</UniqueIdentifier>
    </Filter>
    <Filter Include="Engine\Source\Runtime\Windows\D3D11RHI">
      <UniqueIdentifier>{80BEE85B-6728-402F-9745-3A13DFF56B07}</UniqueIdentifier>
    </Filter>
    <Filter Include="Engine\Source\ThirdParty">
      <UniqueIdentifier>{4F71626B-12FE-4FA4-A9E7-A124A188C1FF}</UniqueIdentifier>
    </Filter>
    <Filter Include="Engine\Source\ThirdParty\include">
      <UniqueIdentifier>{23FE93A5-0907-4099-AF50-B5B0F46C6F43}</UniqueIdentifier>
    </Filter>
    <Filter Include="Engine\Source\ThirdParty\include\ImGUI">
      <UniqueIdentifier>{7AC10D65-167C-46B5-B6BE-8CBEF004B832}</UniqueIdentifier>
    </Filter>
    <Filter Include="Engine\Source\ThirdParty\JSON">
      <UniqueIdentifier>{2AE35BB5-3008-42BA-9E53-933A5E29A175}</UniqueIdentifier>
    </Filter>
    <Filter Include="External">
      <UniqueIdentifier>{12C02A50-F8B3-4ED6-97A5-A7732F505689}</UniqueIdentifier>
    </Filter>
    <Filter Include="External\DirectXTK">
      <UniqueIdentifier>{91C0E315-D702-4877-BB4E-EF59D39A683A}</UniqueIdentifier>
    </Filter>
    <Filter Include="External\DirectXTK\Include">
      <UniqueIdentifier>{7FD200AD-4C70-4AAB-9159-9BC72CAA9B3B}</UniqueIdentifier>
    </Filter>
    <Filter Include="External\DirectXTK\Lib">
      <UniqueIdentifier>{09CB0B7C-8A0C-4D61-9738-3DFB3E4A8359}</UniqueIdentifier>
    </Filter>
    <Filter Include="External\DirectXTK\Lib\x64">
      <UniqueIdentifier>{0F8943EE-1762-46E1-8475-EAD4224545B5}</UniqueIdentifier>
    </Filter>
    <Filter Include="External\DirectXTK\Lib\x64\Debug">
      <UniqueIdentifier>{9D5943AD-BDD4-40E7-839F-18BA93459035}</UniqueIdentifier>
    </Filter>
    <Filter Include="External\DirectXTK\Lib\x64\Release">
      <UniqueIdentifier>{E89B8FCE-DC43-438C-BAA7-E9DF9F120315}</UniqueIdentifier>
    </Filter>
    <Filter Include="Font">
      <UniqueIdentifier>{91EA3A74-1A87-42FE-B209-792250D82911}</UniqueIdentifier>
    </Filter>
    <Filter Include="Shaders">
      <UniqueIdentifier>{3ED2C61B-0456-4321-9887-29E9AC4422B9}</UniqueIdentifier>
    </Filter>
    <Filter Include="Engine\Source\Runtime\Engine\Classes\Components\Engine">
      <UniqueIdentifier>{550B8085-C0C6-47E2-88A5-F19E1F9CF245}</UniqueIdentifier>
    </Filter>
    <Filter Include="Engine\Source\Runtime\Engine\Classes\Components\Mesh">
      <UniqueIdentifier>{bd711ec2-6e67-4726-8ef3-773d4f3d19a0}</UniqueIdentifier>
    </Filter>
    <Filter Include="Engine\Source\Runtime\Engine\Classes\Components\Material">
      <UniqueIdentifier>{057033e1-bf99-4de4-b992-4d13d03f2103}</UniqueIdentifier>
    </Filter>
  </ItemGroup>
  <ItemGroup>
    <ClCompile Include="Engine\Source\Editor\Outliner.cpp">
      <Filter>Engine\Source\Editor</Filter>
    </ClCompile>
    <ClInclude Include="Engine\Source\Editor\Outliner.h">
      <Filter>Engine\Source\Editor</Filter>
    </ClInclude>
    <ClCompile Include="Engine\Source\Editor\PropertyEditor\ControlPanel.cpp">
      <Filter>Engine\Source\Editor\PropertyEditor</Filter>
    </ClCompile>
    <ClInclude Include="Engine\Source\Editor\PropertyEditor\ControlPanel.h">
      <Filter>Engine\Source\Editor\PropertyEditor</Filter>
    </ClInclude>
    <ClInclude Include="Engine\Source\Editor\PropertyEditor\IWindowToggleable.h">
      <Filter>Engine\Source\Editor\PropertyEditor</Filter>
    </ClInclude>
    <ClCompile Include="Engine\Source\Editor\PropertyEditor\PropertyPanel.cpp">
      <Filter>Engine\Source\Editor\PropertyEditor</Filter>
    </ClCompile>
    <ClInclude Include="Engine\Source\Editor\PropertyEditor\PropertyPanel.h">
      <Filter>Engine\Source\Editor\PropertyEditor</Filter>
    </ClInclude>
    <ClCompile Include="Engine\Source\Editor\PropertyEditor\ShowFlags.cpp">
      <Filter>Engine\Source\Editor\PropertyEditor</Filter>
    </ClCompile>
    <ClInclude Include="Engine\Source\Editor\PropertyEditor\ShowFlags.h">
      <Filter>Engine\Source\Editor\PropertyEditor</Filter>
    </ClInclude>
    <ClCompile Include="Engine\Source\Editor\PropertyEditor\ViewModeDropdown.cpp">
      <Filter>Engine\Source\Editor\PropertyEditor</Filter>
    </ClCompile>
    <ClInclude Include="Engine\Source\Editor\PropertyEditor\ViewModeDropdown.h">
      <Filter>Engine\Source\Editor\PropertyEditor</Filter>
    </ClInclude>
    <ClCompile Include="Engine\Source\Editor\UnrealEd\EditorViewportClient.cpp">
      <Filter>Engine\Source\Editor\UnrealEd</Filter>
    </ClCompile>
    <ClInclude Include="Engine\Source\Editor\UnrealEd\EditorViewportClient.h">
      <Filter>Engine\Source\Editor\UnrealEd</Filter>
    </ClInclude>
    <ClCompile Include="Engine\Source\Editor\UnrealEd\PrimitiveBatch.cpp">
      <Filter>Engine\Source\Editor\UnrealEd</Filter>
    </ClCompile>
    <ClInclude Include="Engine\Source\Editor\UnrealEd\PrimitiveBatch.h">
      <Filter>Engine\Source\Editor\UnrealEd</Filter>
    </ClInclude>
    <ClCompile Include="Engine\Source\Editor\UnrealEd\SceneMgr.cpp">
      <Filter>Engine\Source\Editor\UnrealEd</Filter>
    </ClCompile>
    <ClInclude Include="Engine\Source\Editor\UnrealEd\SceneMgr.h">
      <Filter>Engine\Source\Editor\UnrealEd</Filter>
    </ClInclude>
    <ClCompile Include="Engine\Source\Runtime\Core\EngineStatics.cpp">
      <Filter>Engine\Source\Runtime\Core</Filter>
    </ClCompile>
    <ClInclude Include="Engine\Source\Runtime\Core\EngineStatics.h">
      <Filter>Engine\Source\Runtime\Core</Filter>
    </ClInclude>
    <ClCompile Include="Engine\Source\Runtime\Core\Math\Define.cpp">
      <Filter>Engine\Source\Runtime\Core\Math</Filter>
    </ClCompile>
    <ClCompile Include="Engine\Source\Runtime\Core\Math\JungleMath.cpp">
      <Filter>Engine\Source\Runtime\Core\Math</Filter>
    </ClCompile>
    <ClInclude Include="Engine\Source\Runtime\Core\Math\JungleMath.h">
      <Filter>Engine\Source\Runtime\Core\Math</Filter>
    </ClInclude>
    <ClCompile Include="Engine\Source\Runtime\CoreUObject\UObject\Object.cpp">
      <Filter>Engine\Source\Runtime\CoreUObject\UObject</Filter>
    </ClCompile>
    <ClInclude Include="Engine\Source\Runtime\CoreUObject\UObject\Object.h">
      <Filter>Engine\Source\Runtime\CoreUObject\UObject</Filter>
    </ClInclude>
    <ClCompile Include="Engine\Source\Runtime\CoreUObject\UObject\ObjectFactory.cpp">
      <Filter>Engine\Source\Runtime\CoreUObject\UObject</Filter>
    </ClCompile>
    <ClInclude Include="Engine\Source\Runtime\CoreUObject\UObject\ObjectFactory.h">
      <Filter>Engine\Source\Runtime\CoreUObject\UObject</Filter>
    </ClInclude>
    <ClCompile Include="Engine\Source\Runtime\CoreUObject\UObject\UClass.cpp">
      <Filter>Engine\Source\Runtime\CoreUObject\UObject</Filter>
    </ClCompile>
    <ClInclude Include="Engine\Source\Runtime\CoreUObject\UObject\UClass.h">
      <Filter>Engine\Source\Runtime\CoreUObject\UObject</Filter>
    </ClInclude>
    <ClCompile Include="Engine\Source\Runtime\Engine\World.cpp">
      <Filter>Engine\Source\Runtime\Engine</Filter>
    </ClCompile>
    <ClInclude Include="Engine\Source\Runtime\Engine\World.h">
      <Filter>Engine\Source\Runtime\Engine</Filter>
    </ClInclude>
    <ClCompile Include="Engine\Source\Runtime\Engine\Camera\CameraComponent.cpp">
      <Filter>Engine\Source\Runtime\Engine\Camera</Filter>
    </ClCompile>
    <ClInclude Include="Engine\Source\Runtime\Engine\Camera\CameraComponent.h">
      <Filter>Engine\Source\Runtime\Engine\Camera</Filter>
    </ClInclude>
    <ClCompile Include="Engine\Source\Runtime\Engine\Classes\Components\ActorComponent.cpp">
      <Filter>Engine\Source\Runtime\Engine\Classes\Components</Filter>
    </ClCompile>
    <ClInclude Include="Engine\Source\Runtime\Engine\Classes\Components\ActorComponent.h">
      <Filter>Engine\Source\Runtime\Engine\Classes\Components</Filter>
    </ClInclude>
    <ClCompile Include="Engine\Source\Runtime\Engine\Classes\Components\CubeComp.cpp">
      <Filter>Engine\Source\Runtime\Engine\Classes\Components</Filter>
    </ClCompile>
    <ClInclude Include="Engine\Source\Runtime\Engine\Classes\Components\CubeComp.h">
      <Filter>Engine\Source\Runtime\Engine\Classes\Components</Filter>
    </ClInclude>
    <ClCompile Include="Engine\Source\Runtime\Engine\Classes\Components\LightComponent.cpp">
      <Filter>Engine\Source\Runtime\Engine\Classes\Components</Filter>
    </ClCompile>
    <ClInclude Include="Engine\Source\Runtime\Engine\Classes\Components\LightComponent.h">
      <Filter>Engine\Source\Runtime\Engine\Classes\Components</Filter>
    </ClInclude>
    <ClCompile Include="Engine\Source\Runtime\Engine\Classes\Components\Player.cpp">
      <Filter>Engine\Source\Runtime\Engine\Classes\Components</Filter>
    </ClCompile>
    <ClInclude Include="Engine\Source\Runtime\Engine\Classes\Components\Player.h">
      <Filter>Engine\Source\Runtime\Engine\Classes\Components</Filter>
    </ClInclude>
    <ClCompile Include="Engine\Source\Runtime\Engine\Classes\Components\PrimitiveComponent.cpp">
      <Filter>Engine\Source\Runtime\Engine\Classes\Components</Filter>
    </ClCompile>
    <ClInclude Include="Engine\Source\Runtime\Engine\Classes\Components\PrimitiveComponent.h">
      <Filter>Engine\Source\Runtime\Engine\Classes\Components</Filter>
    </ClInclude>
    <ClInclude Include="Engine\Source\Runtime\Engine\Classes\Components\Quad.h">
      <Filter>Engine\Source\Runtime\Engine\Classes\Components</Filter>
    </ClInclude>
    <ClCompile Include="Engine\Source\Runtime\Engine\Classes\Components\QuadTexture.cpp">
      <Filter>Engine\Source\Runtime\Engine\Classes\Components</Filter>
    </ClCompile>
    <ClInclude Include="Engine\Source\Runtime\Engine\Classes\Components\QuadTexture.h">
      <Filter>Engine\Source\Runtime\Engine\Classes\Components</Filter>
    </ClInclude>
    <ClCompile Include="Engine\Source\Runtime\Engine\Classes\Components\SceneComponent.cpp">
      <Filter>Engine\Source\Runtime\Engine\Classes\Components</Filter>
    </ClCompile>
    <ClInclude Include="Engine\Source\Runtime\Engine\Classes\Components\SceneComponent.h">
      <Filter>Engine\Source\Runtime\Engine\Classes\Components</Filter>
    </ClInclude>
    <ClCompile Include="Engine\Source\Runtime\Engine\Classes\Components\SkySphereComponent.cpp">
      <Filter>Engine\Source\Runtime\Engine\Classes\Components</Filter>
    </ClCompile>
    <ClInclude Include="Engine\Source\Runtime\Engine\Classes\Components\SkySphereComponent.h">
      <Filter>Engine\Source\Runtime\Engine\Classes\Components</Filter>
    </ClInclude>
    <ClCompile Include="Engine\Source\Runtime\Engine\Classes\Components\SphereComp.cpp">
      <Filter>Engine\Source\Runtime\Engine\Classes\Components</Filter>
    </ClCompile>
    <ClInclude Include="Engine\Source\Runtime\Engine\Classes\Components\SphereComp.h">
      <Filter>Engine\Source\Runtime\Engine\Classes\Components</Filter>
    </ClInclude>
    <ClCompile Include="Engine\Source\Runtime\Engine\Classes\Components\UBillboardComponent.cpp">
      <Filter>Engine\Source\Runtime\Engine\Classes\Components</Filter>
    </ClCompile>
    <ClInclude Include="Engine\Source\Runtime\Engine\Classes\Components\UBillboardComponent.h">
      <Filter>Engine\Source\Runtime\Engine\Classes\Components</Filter>
    </ClInclude>
    <ClCompile Include="Engine\Source\Runtime\Engine\Classes\Components\UParticleSubUVComp.cpp">
      <Filter>Engine\Source\Runtime\Engine\Classes\Components</Filter>
    </ClCompile>
    <ClInclude Include="Engine\Source\Runtime\Engine\Classes\Components\UParticleSubUVComp.h">
      <Filter>Engine\Source\Runtime\Engine\Classes\Components</Filter>
    </ClInclude>
    <ClCompile Include="Engine\Source\Runtime\Engine\Classes\Components\UText.cpp">
      <Filter>Engine\Source\Runtime\Engine\Classes\Components</Filter>
    </ClCompile>
    <ClInclude Include="Engine\Source\Runtime\Engine\Classes\Components\UText.h">
      <Filter>Engine\Source\Runtime\Engine\Classes\Components</Filter>
    </ClInclude>
    <ClCompile Include="Engine\Source\Runtime\Engine\Classes\Components\UTextUUID.cpp">
      <Filter>Engine\Source\Runtime\Engine\Classes\Components</Filter>
    </ClCompile>
    <ClInclude Include="Engine\Source\Runtime\Engine\Classes\Components\UTextUUID.h">
      <Filter>Engine\Source\Runtime\Engine\Classes\Components</Filter>
    </ClInclude>
    <ClInclude Include="Engine\Source\Runtime\Engine\Classes\Engine\Texture.h">
      <Filter>Engine\Source\Runtime\Engine\Classes\Components\Engine</Filter>
    </ClInclude>
    <ClCompile Include="Engine\Source\Runtime\Engine\UserInterface\Console.cpp">
      <Filter>Engine\Source\Runtime\Engine\UserInterface</Filter>
    </ClCompile>
    <ClInclude Include="Engine\Source\Runtime\Engine\UserInterface\Console.h">
      <Filter>Engine\Source\Runtime\Engine\UserInterface</Filter>
    </ClInclude>
    <ClCompile Include="Engine\Source\Runtime\InteractiveToolsFramework\BaseGizmos\GizmoArrowComponent.cpp">
      <Filter>Engine\Source\Runtime\InteractiveToolsFramework\BaseGizmos</Filter>
    </ClCompile>
    <ClInclude Include="Engine\Source\Runtime\InteractiveToolsFramework\BaseGizmos\GizmoArrowComponent.h">
      <Filter>Engine\Source\Runtime\InteractiveToolsFramework\BaseGizmos</Filter>
    </ClInclude>
    <ClCompile Include="Engine\Source\Runtime\InteractiveToolsFramework\BaseGizmos\GizmoBaseComponent.cpp">
      <Filter>Engine\Source\Runtime\InteractiveToolsFramework\BaseGizmos</Filter>
    </ClCompile>
    <ClInclude Include="Engine\Source\Runtime\InteractiveToolsFramework\BaseGizmos\GizmoBaseComponent.h">
      <Filter>Engine\Source\Runtime\InteractiveToolsFramework\BaseGizmos</Filter>
    </ClInclude>
    <ClCompile Include="Engine\Source\Runtime\InteractiveToolsFramework\BaseGizmos\GizmoCircleComponent.cpp">
      <Filter>Engine\Source\Runtime\InteractiveToolsFramework\BaseGizmos</Filter>
    </ClCompile>
    <ClInclude Include="Engine\Source\Runtime\InteractiveToolsFramework\BaseGizmos\GizmoCircleComponent.h">
      <Filter>Engine\Source\Runtime\InteractiveToolsFramework\BaseGizmos</Filter>
    </ClInclude>
    <ClCompile Include="Engine\Source\Runtime\InteractiveToolsFramework\BaseGizmos\GizmoRectangleComponent.cpp">
      <Filter>Engine\Source\Runtime\InteractiveToolsFramework\BaseGizmos</Filter>
    </ClCompile>
    <ClInclude Include="Engine\Source\Runtime\InteractiveToolsFramework\BaseGizmos\GizmoRectangleComponent.h">
      <Filter>Engine\Source\Runtime\InteractiveToolsFramework\BaseGizmos</Filter>
    </ClInclude>
    <ClCompile Include="Engine\Source\Runtime\InteractiveToolsFramework\BaseGizmos\TransformGizmo.cpp">
      <Filter>Engine\Source\Runtime\InteractiveToolsFramework\BaseGizmos</Filter>
    </ClCompile>
    <ClInclude Include="Engine\Source\Runtime\InteractiveToolsFramework\BaseGizmos\TransformGizmo.h">
      <Filter>Engine\Source\Runtime\InteractiveToolsFramework\BaseGizmos</Filter>
    </ClInclude>
    <ClInclude Include="Engine\Source\Runtime\Launch\Define.h">
      <Filter>Engine\Source\Runtime\Launch</Filter>
    </ClInclude>
    <ClCompile Include="Engine\Source\Runtime\Launch\EngineLoop.cpp">
      <Filter>Engine\Source\Runtime\Launch</Filter>
    </ClCompile>
    <ClCompile Include="Engine\Source\Runtime\Launch\Launch.cpp">
      <Filter>Engine\Source\Runtime\Launch</Filter>
    </ClCompile>
    <ClCompile Include="Engine\Source\Runtime\Renderer\Renderer.cpp">
      <Filter>Engine\Source\Runtime\Renderer</Filter>
    </ClCompile>
    <ClInclude Include="Engine\Source\Runtime\Renderer\Renderer.h">
      <Filter>Engine\Source\Runtime\Renderer</Filter>
    </ClInclude>
    <ClCompile Include="Engine\Source\Runtime\Windows\D3D11RHI\GraphicDevice.cpp">
      <Filter>Engine\Source\Runtime\Windows\D3D11RHI</Filter>
    </ClCompile>
    <ClInclude Include="Engine\Source\Runtime\Windows\D3D11RHI\GraphicDevice.h">
      <Filter>Engine\Source\Runtime\Windows\D3D11RHI</Filter>
    </ClInclude>
    <ClInclude Include="Engine\Source\ThirdParty\include\ImGUI\imconfig.h">
      <Filter>Engine\Source\ThirdParty\include\ImGUI</Filter>
    </ClInclude>
    <ClCompile Include="Engine\Source\ThirdParty\include\ImGUI\imgui.cpp">
      <Filter>Engine\Source\ThirdParty\include\ImGUI</Filter>
    </ClCompile>
    <ClInclude Include="Engine\Source\ThirdParty\include\ImGUI\imgui.h">
      <Filter>Engine\Source\ThirdParty\include\ImGUI</Filter>
    </ClInclude>
    <ClCompile Include="Engine\Source\ThirdParty\include\ImGUI\imgui_demo.cpp">
      <Filter>Engine\Source\ThirdParty\include\ImGUI</Filter>
    </ClCompile>
    <ClCompile Include="Engine\Source\ThirdParty\include\ImGUI\imgui_draw.cpp">
      <Filter>Engine\Source\ThirdParty\include\ImGUI</Filter>
    </ClCompile>
    <ClCompile Include="Engine\Source\ThirdParty\include\ImGUI\imgui_impl_dx11.cpp">
      <Filter>Engine\Source\ThirdParty\include\ImGUI</Filter>
    </ClCompile>
    <ClInclude Include="Engine\Source\ThirdParty\include\ImGUI\imgui_impl_dx11.h">
      <Filter>Engine\Source\ThirdParty\include\ImGUI</Filter>
    </ClInclude>
    <ClCompile Include="Engine\Source\ThirdParty\include\ImGUI\imgui_impl_win32.cpp">
      <Filter>Engine\Source\ThirdParty\include\ImGUI</Filter>
    </ClCompile>
    <ClInclude Include="Engine\Source\ThirdParty\include\ImGUI\imgui_impl_win32.h">
      <Filter>Engine\Source\ThirdParty\include\ImGUI</Filter>
    </ClInclude>
    <ClInclude Include="Engine\Source\ThirdParty\include\ImGUI\imgui_internal.h">
      <Filter>Engine\Source\ThirdParty\include\ImGUI</Filter>
    </ClInclude>
    <ClCompile Include="Engine\Source\ThirdParty\include\ImGUI\imgui_tables.cpp">
      <Filter>Engine\Source\ThirdParty\include\ImGUI</Filter>
    </ClCompile>
    <ClCompile Include="Engine\Source\ThirdParty\include\ImGUI\imgui_widgets.cpp">
      <Filter>Engine\Source\ThirdParty\include\ImGUI</Filter>
    </ClCompile>
    <ClInclude Include="Engine\Source\ThirdParty\include\ImGUI\imstb_rectpack.h">
      <Filter>Engine\Source\ThirdParty\include\ImGUI</Filter>
    </ClInclude>
    <ClInclude Include="Engine\Source\ThirdParty\include\ImGUI\imstb_textedit.h">
      <Filter>Engine\Source\ThirdParty\include\ImGUI</Filter>
    </ClInclude>
    <ClInclude Include="Engine\Source\ThirdParty\include\ImGUI\imstb_truetype.h">
      <Filter>Engine\Source\ThirdParty\include\ImGUI</Filter>
    </ClInclude>
    <ClInclude Include="Engine\Source\ThirdParty\JSON\json.hpp">
      <Filter>Engine\Source\ThirdParty\JSON</Filter>
    </ClInclude>
    <ClInclude Include="Font\IconDefs.h">
      <Filter>Font</Filter>
    </ClInclude>
    <ClInclude Include="Font\RawFonts.h">
      <Filter>Font</Filter>
    </ClInclude>
    <ClCompile Include="Engine\Source\Runtime\Launch\ImGuiManager.cpp" />
    <ClCompile Include="Engine\Source\Runtime\CoreUObject\UObject\NameTypes.cpp" />
    <ClCompile Include="Engine\Source\Runtime\Core\Container\String.cpp" />
    <ClCompile Include="Engine\Source\Runtime\Core\HAL\PlatformMemory.cpp" />
    <ClCompile Include="Engine\Source\Runtime\Engine\Classes\Components\StaticMeshComponent.cpp">
      <Filter>Engine\Source\Runtime\Engine\Classes\Components</Filter>
    </ClCompile>
    <ClCompile Include="Engine\Source\Runtime\Engine\Classes\Components\MeshComponent.cpp">
      <Filter>Engine\Source\Runtime\Engine\Classes\Components</Filter>
    </ClCompile>
    <ClCompile Include="Engine\Source\Runtime\Engine\Classes\Components\Mesh\StaticMesh.cpp">
      <Filter>Engine\Source\Runtime\Engine\Classes\Components\Mesh</Filter>
    </ClCompile>
    <ClCompile Include="Engine\Source\Runtime\Engine\Classes\Components\Material\Material.cpp">
      <Filter>Engine\Source\Runtime\Engine\Classes\Components\Material</Filter>
    </ClCompile>
    <ClCompile Include="Engine\Source\Runtime\CoreUObject\UObject\Casts.cpp" />
    <ClCompile Include="Engine\Source\Runtime\Engine\Classes\Engine\FLoaderOBJ.cpp" />
    <ClCompile Include="Engine\Source\Runtime\Engine\Classes\Engine\ResourceMgr.cpp">
      <Filter>Engine\Source\Runtime\Engine\Classes\Components\Engine</Filter>
    </ClCompile>
    <ClCompile Include="Engine\Source\Editor\LevelEditor\SLevelEditor.cpp" />
    <ClCompile Include="Engine\Source\Editor\PropertyEditor\ViewportTypePanel.cpp" />
    <ClCompile Include="Engine\Source\Editor\UnrealEd\ImGuiWidget.cpp" />
    <ClCompile Include="Engine\Source\Editor\UnrealEd\UnrealEdEventRouter.cpp" />
    <ClCompile Include="Engine\Source\Editor\PropertyEditor\ControlEditorPanel.cpp" />
    <ClCompile Include="Engine\Source\Editor\PropertyEditor\OutlinerEditorPanel.cpp" />
    <ClCompile Include="Engine\Source\Editor\PropertyEditor\PropertyEditorPanel.cpp" />
    <ClCompile Include="Engine\Source\Editor\UnrealEd\UnrealEd.cpp" />
    <ClCompile Include="Engine\Source\Runtime\Slate\Widgets\Layout\SSplitter.cpp" />
    <ClCompile Include="Engine\Source\Runtime\Engine\UnrealClient.cpp" />
    <ClCompile Include="Engine\Source\Runtime\SlateCore\Widgets\SWindow.cpp" />
    <ClCompile Include="Engine\Source\ThirdParty\tinyfiledialogs\tinyfiledialogs.cpp" />
  </ItemGroup>
  <ItemGroup>
    <ClInclude Include="Engine\Source\ThirdParty\DirectXTK\Include\DDSTextureLoader.h" />
    <ClInclude Include="Engine\Source\Runtime\Launch\ImGuiManager.h" />
    <ClInclude Include="Engine\Source\Runtime\Core\Container\Array.h" />
    <ClInclude Include="Engine\Source\Runtime\Core\Container\ContainerAllocator.h" />
    <ClInclude Include="Engine\Source\Runtime\Core\Container\CString.h" />
    <ClInclude Include="Engine\Source\Runtime\Core\Container\Map.h" />
    <ClInclude Include="Engine\Source\Runtime\Core\Container\Pair.h" />
    <ClInclude Include="Engine\Source\Runtime\Core\Container\Set.h" />
    <ClInclude Include="Engine\Source\Runtime\Core\Container\String.h" />
    <ClInclude Include="Engine\Source\Runtime\Core\HAL\PlatformMemory.h" />
    <ClInclude Include="Engine\Source\Runtime\Core\HAL\PlatformType.h" />
    <ClInclude Include="Engine\Source\Runtime\Core\Math\MathUtility.h" />
    <ClInclude Include="Engine\Source\Runtime\CoreUObject\UObject\ObjectMacros.h" />
    <ClInclude Include="Engine\Source\Runtime\CoreUObject\UObject\ObjectTypes.h" />
    <ClInclude Include="Engine\Source\Runtime\Engine\Classes\Components\MeshComponent.h">
      <Filter>Engine\Source\Runtime\Engine\Classes\Components</Filter>
    </ClInclude>
    <ClInclude Include="Engine\Source\Runtime\Engine\Classes\Components\StaticMeshComponent.h">
      <Filter>Engine\Source\Runtime\Engine\Classes\Components</Filter>
    </ClInclude>
    <ClInclude Include="Engine\Source\Runtime\Engine\Classes\Components\Mesh\StaticMesh.h">
      <Filter>Engine\Source\Runtime\Engine\Classes\Components\Mesh</Filter>
    </ClInclude>
    <ClInclude Include="Engine\Source\Runtime\Engine\Classes\Components\Material\Material.h">
      <Filter>Engine\Source\Runtime\Engine\Classes\Components\Material</Filter>
    </ClInclude>
    <ClInclude Include="Engine\Source\Runtime\CoreUObject\UObject\Casts.h" />
    <ClInclude Include="Engine\Source\Runtime\Engine\Classes\Engine\FLoaderOBJ.h" />
    <ClInclude Include="Engine\Source\Runtime\Engine\Classes\Engine\ResourceMgr.h">
      <Filter>Engine\Source\Runtime\Engine\Classes\Components\Engine</Filter>
    </ClInclude>
    <ClInclude Include="Engine\Source\Runtime\Core\Delegates\Delegate.h" />
    <ClInclude Include="Engine\Source\Runtime\Core\Delegates\DelegateCombination.h" />
    <ClInclude Include="Engine\Source\Runtime\Engine\ViewportClient.h" />
    <ClInclude Include="Engine\Source\Editor\LevelEditor\SLevelEditor.h" />
    <ClInclude Include="Engine\Source\Editor\PropertyEditor\ViewportTypePanel.h" />
    <ClInclude Include="Engine\Source\Editor\UnrealEd\ImGuiWidget.h" />
    <ClInclude Include="Engine\Source\Editor\PropertyEditor\ControlEditorPanel.h" />
    <ClInclude Include="Engine\Source\Editor\PropertyEditor\OutlinerEditorPanel.h" />
    <ClInclude Include="Engine\Source\Editor\PropertyEditor\PropertyEditorPanel.h" />
    <ClInclude Include="Engine\Source\Editor\UnrealEd\UnrealEd.h" />
    <ClInclude Include="Engine\Source\Editor\UnrealEd\UnrealEdEventRouter.h" />
    <ClInclude Include="Engine\Source\Runtime\Engine\UnrealClient.h" />
    <ClInclude Include="Engine\Source\Editor\UnrealEd\EditorPanel.h" />
    <ClInclude Include="Engine\Source\Runtime\Serialization\Serializer.h" />
    <ClInclude Include="Engine\Source\Runtime\SlateCore\Widgets\SWindow.h" />
    <ClInclude Include="Engine\Source\Runtime\Slate\Widgets\Layout\SSplitter.h" />
    <ClInclude Include="Engine\Source\ThirdParty\tinyfiledialogs\tinyfiledialogs.h" />
  </ItemGroup>
  <ItemGroup>
    <FxCompile Include="Shaders\PixelTextureShader.hlsl">
      <Filter>Shaders</Filter>
    </FxCompile>
    <FxCompile Include="Shaders\ShaderLine.hlsl">
      <Filter>Shaders</Filter>
    </FxCompile>
    <FxCompile Include="Shaders\ShaderW0.hlsl">
      <Filter>Shaders</Filter>
    </FxCompile>
    <FxCompile Include="Shaders\VertexTextureShader.hlsl">
      <Filter>Shaders</Filter>
    </FxCompile>
    <FxCompile Include="Shaders\StaticMeshVertexShader.hlsl">
      <Filter>Shaders</Filter>
    </FxCompile>
    <FxCompile Include="Shaders\StaticMeshPixelShader.hlsl">
      <Filter>Shaders</Filter>
    </FxCompile>
  </ItemGroup>
  <ItemGroup>
    <Natvis Include="Week0v2.natvis" />
  </ItemGroup>
</Project>